
Microsoft Visual Studio Solution File, Format Version 12.00
# Visual Studio Version 16
VisualStudioVersion = 16.0.30907.101
MinimumVisualStudioVersion = 10.0.40219.1
Project("{FAE04EC0-301F-11D3-BF4B-00C04F79EFBC}") = "plagiarismApp", "plagiarismApp\plagiarismApp.csproj", "{303C2A9D-B7F3-45C1-9BBA-8E73FCF96DA6}"
EndProject
Project("{FAE04EC0-301F-11D3-BF4B-00C04F79EFBC}") = "plagiarismModel", "plagiarismModel\plagiarismModel.csproj", "{FE9F3917-1660-450A-A686-3E66DB251495}"
EndProject
Project("{FAE04EC0-301F-11D3-BF4B-00C04F79EFBC}") = "plagiarism.Mobile.Android", "plagiarism.Mobile\plagiarism.Mobile.Android\plagiarism.Mobile.Android.csproj", "{AA5150A1-56C4-433E-9691-0EED812B6A25}"
EndProject
Project("{FAE04EC0-301F-11D3-BF4B-00C04F79EFBC}") = "plagiarism.Mobile.iOS", "plagiarism.Mobile\plagiarism.Mobile.iOS\plagiarism.Mobile.iOS.csproj", "{BDA9E97A-8851-41D3-9F37-26A3F2A03F3A}"
EndProject
Project("{FAE04EC0-301F-11D3-BF4B-00C04F79EFBC}") = "plagiarism.Mobile", "plagiarism.Mobile\plagiarism.Mobile\plagiarism.Mobile.csproj", "{696EFA44-65E4-4BA4-B33E-95C44B03FD56}"
EndProject
Project("{FAE04EC0-301F-11D3-BF4B-00C04F79EFBC}") = "plagiarism.Mobile.UWP", "plagiarism.Mobile.UWP\plagiarism.Mobile.UWP.csproj", "{F95B9921-241D-40B5-94D8-BBA4F5964930}"
EndProject
Global
	GlobalSection(SolutionConfigurationPlatforms) = preSolution
		Debug|Any CPU = Debug|Any CPU
		Debug|ARM = Debug|ARM
		Debug|ARM64 = Debug|ARM64
		Debug|iPhone = Debug|iPhone
		Debug|iPhoneSimulator = Debug|iPhoneSimulator
		Debug|x64 = Debug|x64
		Debug|x86 = Debug|x86
		Release|Any CPU = Release|Any CPU
		Release|ARM = Release|ARM
		Release|ARM64 = Release|ARM64
		Release|iPhone = Release|iPhone
		Release|iPhoneSimulator = Release|iPhoneSimulator
		Release|x64 = Release|x64
		Release|x86 = Release|x86
	EndGlobalSection
	GlobalSection(ProjectConfigurationPlatforms) = postSolution
		{303C2A9D-B7F3-45C1-9BBA-8E73FCF96DA6}.Debug|Any CPU.ActiveCfg = Debug|Any CPU
		{303C2A9D-B7F3-45C1-9BBA-8E73FCF96DA6}.Debug|Any CPU.Build.0 = Debug|Any CPU
		{303C2A9D-B7F3-45C1-9BBA-8E73FCF96DA6}.Debug|ARM.ActiveCfg = Debug|Any CPU
		{303C2A9D-B7F3-45C1-9BBA-8E73FCF96DA6}.Debug|ARM.Build.0 = Debug|Any CPU
		{303C2A9D-B7F3-45C1-9BBA-8E73FCF96DA6}.Debug|ARM64.ActiveCfg = Debug|Any CPU
		{303C2A9D-B7F3-45C1-9BBA-8E73FCF96DA6}.Debug|ARM64.Build.0 = Debug|Any CPU
		{303C2A9D-B7F3-45C1-9BBA-8E73FCF96DA6}.Debug|iPhone.ActiveCfg = Debug|Any CPU
		{303C2A9D-B7F3-45C1-9BBA-8E73FCF96DA6}.Debug|iPhone.Build.0 = Debug|Any CPU
		{303C2A9D-B7F3-45C1-9BBA-8E73FCF96DA6}.Debug|iPhoneSimulator.ActiveCfg = Debug|Any CPU
		{303C2A9D-B7F3-45C1-9BBA-8E73FCF96DA6}.Debug|iPhoneSimulator.Build.0 = Debug|Any CPU
		{303C2A9D-B7F3-45C1-9BBA-8E73FCF96DA6}.Debug|x64.ActiveCfg = Debug|Any CPU
		{303C2A9D-B7F3-45C1-9BBA-8E73FCF96DA6}.Debug|x64.Build.0 = Debug|Any CPU
		{303C2A9D-B7F3-45C1-9BBA-8E73FCF96DA6}.Debug|x86.ActiveCfg = Debug|Any CPU
		{303C2A9D-B7F3-45C1-9BBA-8E73FCF96DA6}.Debug|x86.Build.0 = Debug|Any CPU
		{303C2A9D-B7F3-45C1-9BBA-8E73FCF96DA6}.Release|Any CPU.ActiveCfg = Release|Any CPU
		{303C2A9D-B7F3-45C1-9BBA-8E73FCF96DA6}.Release|Any CPU.Build.0 = Release|Any CPU
		{303C2A9D-B7F3-45C1-9BBA-8E73FCF96DA6}.Release|ARM.ActiveCfg = Release|Any CPU
		{303C2A9D-B7F3-45C1-9BBA-8E73FCF96DA6}.Release|ARM.Build.0 = Release|Any CPU
		{303C2A9D-B7F3-45C1-9BBA-8E73FCF96DA6}.Release|ARM64.ActiveCfg = Release|Any CPU
		{303C2A9D-B7F3-45C1-9BBA-8E73FCF96DA6}.Release|ARM64.Build.0 = Release|Any CPU
		{303C2A9D-B7F3-45C1-9BBA-8E73FCF96DA6}.Release|iPhone.ActiveCfg = Release|Any CPU
		{303C2A9D-B7F3-45C1-9BBA-8E73FCF96DA6}.Release|iPhone.Build.0 = Release|Any CPU
		{303C2A9D-B7F3-45C1-9BBA-8E73FCF96DA6}.Release|iPhoneSimulator.ActiveCfg = Release|Any CPU
		{303C2A9D-B7F3-45C1-9BBA-8E73FCF96DA6}.Release|iPhoneSimulator.Build.0 = Release|Any CPU
		{303C2A9D-B7F3-45C1-9BBA-8E73FCF96DA6}.Release|x64.ActiveCfg = Release|Any CPU
		{303C2A9D-B7F3-45C1-9BBA-8E73FCF96DA6}.Release|x64.Build.0 = Release|Any CPU
		{303C2A9D-B7F3-45C1-9BBA-8E73FCF96DA6}.Release|x86.ActiveCfg = Release|Any CPU
		{303C2A9D-B7F3-45C1-9BBA-8E73FCF96DA6}.Release|x86.Build.0 = Release|Any CPU
		{FE9F3917-1660-450A-A686-3E66DB251495}.Debug|Any CPU.ActiveCfg = Debug|Any CPU
		{FE9F3917-1660-450A-A686-3E66DB251495}.Debug|Any CPU.Build.0 = Debug|Any CPU
		{FE9F3917-1660-450A-A686-3E66DB251495}.Debug|ARM.ActiveCfg = Debug|Any CPU
		{FE9F3917-1660-450A-A686-3E66DB251495}.Debug|ARM.Build.0 = Debug|Any CPU
		{FE9F3917-1660-450A-A686-3E66DB251495}.Debug|ARM64.ActiveCfg = Debug|Any CPU
		{FE9F3917-1660-450A-A686-3E66DB251495}.Debug|ARM64.Build.0 = Debug|Any CPU
		{FE9F3917-1660-450A-A686-3E66DB251495}.Debug|iPhone.ActiveCfg = Debug|Any CPU
		{FE9F3917-1660-450A-A686-3E66DB251495}.Debug|iPhone.Build.0 = Debug|Any CPU
		{FE9F3917-1660-450A-A686-3E66DB251495}.Debug|iPhoneSimulator.ActiveCfg = Debug|Any CPU
		{FE9F3917-1660-450A-A686-3E66DB251495}.Debug|iPhoneSimulator.Build.0 = Debug|Any CPU
		{FE9F3917-1660-450A-A686-3E66DB251495}.Debug|x64.ActiveCfg = Debug|Any CPU
		{FE9F3917-1660-450A-A686-3E66DB251495}.Debug|x64.Build.0 = Debug|Any CPU
		{FE9F3917-1660-450A-A686-3E66DB251495}.Debug|x86.ActiveCfg = Debug|Any CPU
		{FE9F3917-1660-450A-A686-3E66DB251495}.Debug|x86.Build.0 = Debug|Any CPU
		{FE9F3917-1660-450A-A686-3E66DB251495}.Release|Any CPU.ActiveCfg = Release|Any CPU
		{FE9F3917-1660-450A-A686-3E66DB251495}.Release|Any CPU.Build.0 = Release|Any CPU
		{FE9F3917-1660-450A-A686-3E66DB251495}.Release|ARM.ActiveCfg = Release|Any CPU
		{FE9F3917-1660-450A-A686-3E66DB251495}.Release|ARM.Build.0 = Release|Any CPU
		{FE9F3917-1660-450A-A686-3E66DB251495}.Release|ARM64.ActiveCfg = Release|Any CPU
		{FE9F3917-1660-450A-A686-3E66DB251495}.Release|ARM64.Build.0 = Release|Any CPU
		{FE9F3917-1660-450A-A686-3E66DB251495}.Release|iPhone.ActiveCfg = Release|Any CPU
		{FE9F3917-1660-450A-A686-3E66DB251495}.Release|iPhone.Build.0 = Release|Any CPU
		{FE9F3917-1660-450A-A686-3E66DB251495}.Release|iPhoneSimulator.ActiveCfg = Release|Any CPU
		{FE9F3917-1660-450A-A686-3E66DB251495}.Release|iPhoneSimulator.Build.0 = Release|Any CPU
		{FE9F3917-1660-450A-A686-3E66DB251495}.Release|x64.ActiveCfg = Release|Any CPU
		{FE9F3917-1660-450A-A686-3E66DB251495}.Release|x64.Build.0 = Release|Any CPU
		{FE9F3917-1660-450A-A686-3E66DB251495}.Release|x86.ActiveCfg = Release|Any CPU
		{FE9F3917-1660-450A-A686-3E66DB251495}.Release|x86.Build.0 = Release|Any CPU
		{AA5150A1-56C4-433E-9691-0EED812B6A25}.Debug|Any CPU.ActiveCfg = Debug|Any CPU
		{AA5150A1-56C4-433E-9691-0EED812B6A25}.Debug|Any CPU.Build.0 = Debug|Any CPU
		{AA5150A1-56C4-433E-9691-0EED812B6A25}.Debug|Any CPU.Deploy.0 = Debug|Any CPU
		{AA5150A1-56C4-433E-9691-0EED812B6A25}.Debug|ARM.ActiveCfg = Debug|Any CPU
		{AA5150A1-56C4-433E-9691-0EED812B6A25}.Debug|ARM.Build.0 = Debug|Any CPU
		{AA5150A1-56C4-433E-9691-0EED812B6A25}.Debug|ARM.Deploy.0 = Debug|Any CPU
		{AA5150A1-56C4-433E-9691-0EED812B6A25}.Debug|ARM64.ActiveCfg = Debug|Any CPU
		{AA5150A1-56C4-433E-9691-0EED812B6A25}.Debug|ARM64.Build.0 = Debug|Any CPU
		{AA5150A1-56C4-433E-9691-0EED812B6A25}.Debug|ARM64.Deploy.0 = Debug|Any CPU
		{AA5150A1-56C4-433E-9691-0EED812B6A25}.Debug|iPhone.ActiveCfg = Debug|Any CPU
		{AA5150A1-56C4-433E-9691-0EED812B6A25}.Debug|iPhone.Build.0 = Debug|Any CPU
		{AA5150A1-56C4-433E-9691-0EED812B6A25}.Debug|iPhone.Deploy.0 = Debug|Any CPU
		{AA5150A1-56C4-433E-9691-0EED812B6A25}.Debug|iPhoneSimulator.ActiveCfg = Debug|Any CPU
		{AA5150A1-56C4-433E-9691-0EED812B6A25}.Debug|iPhoneSimulator.Build.0 = Debug|Any CPU
		{AA5150A1-56C4-433E-9691-0EED812B6A25}.Debug|iPhoneSimulator.Deploy.0 = Debug|Any CPU
		{AA5150A1-56C4-433E-9691-0EED812B6A25}.Debug|x64.ActiveCfg = Debug|Any CPU
		{AA5150A1-56C4-433E-9691-0EED812B6A25}.Debug|x64.Build.0 = Debug|Any CPU
		{AA5150A1-56C4-433E-9691-0EED812B6A25}.Debug|x64.Deploy.0 = Debug|Any CPU
		{AA5150A1-56C4-433E-9691-0EED812B6A25}.Debug|x86.ActiveCfg = Debug|Any CPU
		{AA5150A1-56C4-433E-9691-0EED812B6A25}.Debug|x86.Build.0 = Debug|Any CPU
		{AA5150A1-56C4-433E-9691-0EED812B6A25}.Debug|x86.Deploy.0 = Debug|Any CPU
		{AA5150A1-56C4-433E-9691-0EED812B6A25}.Release|Any CPU.ActiveCfg = Release|Any CPU
		{AA5150A1-56C4-433E-9691-0EED812B6A25}.Release|Any CPU.Build.0 = Release|Any CPU
		{AA5150A1-56C4-433E-9691-0EED812B6A25}.Release|Any CPU.Deploy.0 = Release|Any CPU
		{AA5150A1-56C4-433E-9691-0EED812B6A25}.Release|ARM.ActiveCfg = Release|Any CPU
		{AA5150A1-56C4-433E-9691-0EED812B6A25}.Release|ARM.Build.0 = Release|Any CPU
		{AA5150A1-56C4-433E-9691-0EED812B6A25}.Release|ARM.Deploy.0 = Release|Any CPU
		{AA5150A1-56C4-433E-9691-0EED812B6A25}.Release|ARM64.ActiveCfg = Release|Any CPU
		{AA5150A1-56C4-433E-9691-0EED812B6A25}.Release|ARM64.Build.0 = Release|Any CPU
		{AA5150A1-56C4-433E-9691-0EED812B6A25}.Release|ARM64.Deploy.0 = Release|Any CPU
		{AA5150A1-56C4-433E-9691-0EED812B6A25}.Release|iPhone.ActiveCfg = Release|Any CPU
		{AA5150A1-56C4-433E-9691-0EED812B6A25}.Release|iPhone.Build.0 = Release|Any CPU
		{AA5150A1-56C4-433E-9691-0EED812B6A25}.Release|iPhone.Deploy.0 = Release|Any CPU
		{AA5150A1-56C4-433E-9691-0EED812B6A25}.Release|iPhoneSimulator.ActiveCfg = Release|Any CPU
		{AA5150A1-56C4-433E-9691-0EED812B6A25}.Release|iPhoneSimulator.Build.0 = Release|Any CPU
		{AA5150A1-56C4-433E-9691-0EED812B6A25}.Release|iPhoneSimulator.Deploy.0 = Release|Any CPU
		{AA5150A1-56C4-433E-9691-0EED812B6A25}.Release|x64.ActiveCfg = Release|Any CPU
		{AA5150A1-56C4-433E-9691-0EED812B6A25}.Release|x64.Build.0 = Release|Any CPU
		{AA5150A1-56C4-433E-9691-0EED812B6A25}.Release|x64.Deploy.0 = Release|Any CPU
		{AA5150A1-56C4-433E-9691-0EED812B6A25}.Release|x86.ActiveCfg = Release|Any CPU
		{AA5150A1-56C4-433E-9691-0EED812B6A25}.Release|x86.Build.0 = Release|Any CPU
		{AA5150A1-56C4-433E-9691-0EED812B6A25}.Release|x86.Deploy.0 = Release|Any CPU
		{BDA9E97A-8851-41D3-9F37-26A3F2A03F3A}.Debug|Any CPU.ActiveCfg = Debug|iPhoneSimulator
		{BDA9E97A-8851-41D3-9F37-26A3F2A03F3A}.Debug|ARM.ActiveCfg = Debug|iPhoneSimulator
		{BDA9E97A-8851-41D3-9F37-26A3F2A03F3A}.Debug|ARM64.ActiveCfg = Debug|iPhoneSimulator
		{BDA9E97A-8851-41D3-9F37-26A3F2A03F3A}.Debug|iPhone.ActiveCfg = Debug|iPhone
		{BDA9E97A-8851-41D3-9F37-26A3F2A03F3A}.Debug|iPhone.Build.0 = Debug|iPhone
		{BDA9E97A-8851-41D3-9F37-26A3F2A03F3A}.Debug|iPhoneSimulator.ActiveCfg = Debug|iPhoneSimulator
		{BDA9E97A-8851-41D3-9F37-26A3F2A03F3A}.Debug|iPhoneSimulator.Build.0 = Debug|iPhoneSimulator
		{BDA9E97A-8851-41D3-9F37-26A3F2A03F3A}.Debug|x64.ActiveCfg = Debug|iPhoneSimulator
		{BDA9E97A-8851-41D3-9F37-26A3F2A03F3A}.Debug|x86.ActiveCfg = Debug|iPhoneSimulator
		{BDA9E97A-8851-41D3-9F37-26A3F2A03F3A}.Release|Any CPU.ActiveCfg = Release|iPhoneSimulator
		{BDA9E97A-8851-41D3-9F37-26A3F2A03F3A}.Release|ARM.ActiveCfg = Release|iPhoneSimulator
		{BDA9E97A-8851-41D3-9F37-26A3F2A03F3A}.Release|ARM64.ActiveCfg = Release|iPhoneSimulator
		{BDA9E97A-8851-41D3-9F37-26A3F2A03F3A}.Release|iPhone.ActiveCfg = Release|iPhone
		{BDA9E97A-8851-41D3-9F37-26A3F2A03F3A}.Release|iPhone.Build.0 = Release|iPhone
		{BDA9E97A-8851-41D3-9F37-26A3F2A03F3A}.Release|iPhoneSimulator.ActiveCfg = Release|iPhoneSimulator
		{BDA9E97A-8851-41D3-9F37-26A3F2A03F3A}.Release|iPhoneSimulator.Build.0 = Release|iPhoneSimulator
		{BDA9E97A-8851-41D3-9F37-26A3F2A03F3A}.Release|x64.ActiveCfg = Release|iPhoneSimulator
		{BDA9E97A-8851-41D3-9F37-26A3F2A03F3A}.Release|x86.ActiveCfg = Release|iPhoneSimulator
		{696EFA44-65E4-4BA4-B33E-95C44B03FD56}.Debug|Any CPU.ActiveCfg = Debug|Any CPU
		{696EFA44-65E4-4BA4-B33E-95C44B03FD56}.Debug|Any CPU.Build.0 = Debug|Any CPU
		{696EFA44-65E4-4BA4-B33E-95C44B03FD56}.Debug|ARM.ActiveCfg = Debug|Any CPU
		{696EFA44-65E4-4BA4-B33E-95C44B03FD56}.Debug|ARM.Build.0 = Debug|Any CPU
		{696EFA44-65E4-4BA4-B33E-95C44B03FD56}.Debug|ARM64.ActiveCfg = Debug|Any CPU
		{696EFA44-65E4-4BA4-B33E-95C44B03FD56}.Debug|ARM64.Build.0 = Debug|Any CPU
		{696EFA44-65E4-4BA4-B33E-95C44B03FD56}.Debug|iPhone.ActiveCfg = Debug|Any CPU
		{696EFA44-65E4-4BA4-B33E-95C44B03FD56}.Debug|iPhone.Build.0 = Debug|Any CPU
		{696EFA44-65E4-4BA4-B33E-95C44B03FD56}.Debug|iPhoneSimulator.ActiveCfg = Debug|Any CPU
		{696EFA44-65E4-4BA4-B33E-95C44B03FD56}.Debug|iPhoneSimulator.Build.0 = Debug|Any CPU
		{696EFA44-65E4-4BA4-B33E-95C44B03FD56}.Debug|x64.ActiveCfg = Debug|Any CPU
		{696EFA44-65E4-4BA4-B33E-95C44B03FD56}.Debug|x64.Build.0 = Debug|Any CPU
		{696EFA44-65E4-4BA4-B33E-95C44B03FD56}.Debug|x86.ActiveCfg = Debug|Any CPU
		{696EFA44-65E4-4BA4-B33E-95C44B03FD56}.Debug|x86.Build.0 = Debug|Any CPU
		{696EFA44-65E4-4BA4-B33E-95C44B03FD56}.Release|Any CPU.ActiveCfg = Release|Any CPU
		{696EFA44-65E4-4BA4-B33E-95C44B03FD56}.Release|Any CPU.Build.0 = Release|Any CPU
		{696EFA44-65E4-4BA4-B33E-95C44B03FD56}.Release|ARM.ActiveCfg = Release|Any CPU
		{696EFA44-65E4-4BA4-B33E-95C44B03FD56}.Release|ARM.Build.0 = Release|Any CPU
		{696EFA44-65E4-4BA4-B33E-95C44B03FD56}.Release|ARM64.ActiveCfg = Release|Any CPU
		{696EFA44-65E4-4BA4-B33E-95C44B03FD56}.Release|ARM64.Build.0 = Release|Any CPU
		{696EFA44-65E4-4BA4-B33E-95C44B03FD56}.Release|iPhone.ActiveCfg = Release|Any CPU
		{696EFA44-65E4-4BA4-B33E-95C44B03FD56}.Release|iPhone.Build.0 = Release|Any CPU
		{696EFA44-65E4-4BA4-B33E-95C44B03FD56}.Release|iPhoneSimulator.ActiveCfg = Release|Any CPU
		{696EFA44-65E4-4BA4-B33E-95C44B03FD56}.Release|iPhoneSimulator.Build.0 = Release|Any CPU
		{696EFA44-65E4-4BA4-B33E-95C44B03FD56}.Release|x64.ActiveCfg = Release|Any CPU
		{696EFA44-65E4-4BA4-B33E-95C44B03FD56}.Release|x64.Build.0 = Release|Any CPU
		{696EFA44-65E4-4BA4-B33E-95C44B03FD56}.Release|x86.ActiveCfg = Release|Any CPU
		{696EFA44-65E4-4BA4-B33E-95C44B03FD56}.Release|x86.Build.0 = Release|Any CPU
		{F95B9921-241D-40B5-94D8-BBA4F5964930}.Debug|Any CPU.ActiveCfg = Debug|x86
		{F95B9921-241D-40B5-94D8-BBA4F5964930}.Debug|ARM.ActiveCfg = Debug|ARM
		{F95B9921-241D-40B5-94D8-BBA4F5964930}.Debug|ARM.Build.0 = Debug|ARM
		{F95B9921-241D-40B5-94D8-BBA4F5964930}.Debug|ARM.Deploy.0 = Debug|ARM
		{F95B9921-241D-40B5-94D8-BBA4F5964930}.Debug|ARM64.ActiveCfg = Debug|ARM64
		{F95B9921-241D-40B5-94D8-BBA4F5964930}.Debug|ARM64.Build.0 = Debug|ARM64
		{F95B9921-241D-40B5-94D8-BBA4F5964930}.Debug|ARM64.Deploy.0 = Debug|ARM64
		{F95B9921-241D-40B5-94D8-BBA4F5964930}.Debug|iPhone.ActiveCfg = Debug|x86
		{F95B9921-241D-40B5-94D8-BBA4F5964930}.Debug|iPhoneSimulator.ActiveCfg = Debug|x86
		{F95B9921-241D-40B5-94D8-BBA4F5964930}.Debug|x64.ActiveCfg = Debug|x64
		{F95B9921-241D-40B5-94D8-BBA4F5964930}.Debug|x64.Build.0 = Debug|x64
		{F95B9921-241D-40B5-94D8-BBA4F5964930}.Debug|x64.Deploy.0 = Debug|x64
		{F95B9921-241D-40B5-94D8-BBA4F5964930}.Debug|x86.ActiveCfg = Debug|x86
		{F95B9921-241D-40B5-94D8-BBA4F5964930}.Debug|x86.Build.0 = Debug|x86
		{F95B9921-241D-40B5-94D8-BBA4F5964930}.Debug|x86.Deploy.0 = Debug|x86
		{F95B9921-241D-40B5-94D8-BBA4F5964930}.Release|Any CPU.ActiveCfg = Release|x86
		{F95B9921-241D-40B5-94D8-BBA4F5964930}.Release|ARM.ActiveCfg = Release|ARM
		{F95B9921-241D-40B5-94D8-BBA4F5964930}.Release|ARM.Build.0 = Release|ARM
		{F95B9921-241D-40B5-94D8-BBA4F5964930}.Release|ARM.Deploy.0 = Release|ARM
		{F95B9921-241D-40B5-94D8-BBA4F5964930}.Release|ARM64.ActiveCfg = Release|ARM64
		{F95B9921-241D-40B5-94D8-BBA4F5964930}.Release|ARM64.Build.0 = Release|ARM64
		{F95B9921-241D-40B5-94D8-BBA4F5964930}.Release|ARM64.Deploy.0 = Release|ARM64
		{F95B9921-241D-40B5-94D8-BBA4F5964930}.Release|iPhone.ActiveCfg = Release|x86
		{F95B9921-241D-40B5-94D8-BBA4F5964930}.Release|iPhoneSimulator.ActiveCfg = Release|x86
		{F95B9921-241D-40B5-94D8-BBA4F5964930}.Release|x64.ActiveCfg = Release|x64
		{F95B9921-241D-40B5-94D8-BBA4F5964930}.Release|x64.Build.0 = Release|x64
		{F95B9921-241D-40B5-94D8-BBA4F5964930}.Release|x64.Deploy.0 = Release|x64
		{F95B9921-241D-40B5-94D8-BBA4F5964930}.Release|x86.ActiveCfg = Release|x86
		{F95B9921-241D-40B5-94D8-BBA4F5964930}.Release|x86.Build.0 = Release|x86
		{F95B9921-241D-40B5-94D8-BBA4F5964930}.Release|x86.Deploy.0 = Release|x86
	EndGlobalSection
	GlobalSection(SolutionProperties) = preSolution
		HideSolutionNode = FALSE
	EndGlobalSection
	GlobalSection(ExtensibilityGlobals) = postSolution
		SolutionGuid = {26E16CE4-C04C-4317-A38D-2C4F7EB0643D}
	EndGlobalSection
EndGlobal
