
Microsoft Visual Studio Solution File, Format Version 12.00
# Visual Studio Version 16
VisualStudioVersion = 16.0.30907.101
MinimumVisualStudioVersion = 10.0.40219.1
Project("{9A19103F-16F7-4668-BE54-9A1E7A4F7556}") = "plagiarismApp", "plagiarismApp\plagiarismApp.csproj", "{303C2A9D-B7F3-45C1-9BBA-8E73FCF96DA6}"
EndProject
Project("{9A19103F-16F7-4668-BE54-9A1E7A4F7556}") = "plagiarismModel", "plagiarismModel\plagiarismModel.csproj", "{FE9F3917-1660-450A-A686-3E66DB251495}"
EndProject
Project("{FAE04EC0-301F-11D3-BF4B-00C04F79EFBC}") = "plagiarism.WinUI", "plagiarism.WinUI\plagiarism.WinUI.csproj", "{28316B94-C957-4076-AED3-6893206BFF65}"
EndProject
Project("{FAE04EC0-301F-11D3-BF4B-00C04F79EFBC}") = "plagiarism.Mobile.UWP", "plagiarism.Mobile\plagiarism.Mobile.UWP\plagiarism.Mobile.UWP.csproj", "{92FD6E67-4746-47C2-999C-5A56D5A2F52A}"
EndProject
Project("{FAE04EC0-301F-11D3-BF4B-00C04F79EFBC}") = "plagiarism.Mobile.Android", "plagiarism.Mobile\plagiarism.Mobile.Android\plagiarism.Mobile.Android.csproj", "{D78E766D-708D-40DD-AFD0-E4D10D745355}"
EndProject
Project("{FAE04EC0-301F-11D3-BF4B-00C04F79EFBC}") = "plagiarism.Mobile.iOS", "plagiarism.Mobile\plagiarism.Mobile.iOS\plagiarism.Mobile.iOS.csproj", "{FD08CE7D-7884-43C1-92DE-68AFBE43C144}"
EndProject
Project("{FAE04EC0-301F-11D3-BF4B-00C04F79EFBC}") = "plagiarism.Mobile", "plagiarism.Mobile\plagiarism.Mobile\plagiarism.Mobile.csproj", "{8926A828-DF98-4056-8CC4-FBD3BB7336A5}"
EndProject
Global
	GlobalSection(SolutionConfigurationPlatforms) = preSolution
		Debug|Any CPU = Debug|Any CPU
		Debug|ARM = Debug|ARM
		Debug|ARM64 = Debug|ARM64
		Debug|iPhone = Debug|iPhone
		Debug|iPhoneSimulator = Debug|iPhoneSimulator
		Debug|x64 = Debug|x64
		Debug|x86 = Debug|x86
		Release|Any CPU = Release|Any CPU
		Release|ARM = Release|ARM
		Release|ARM64 = Release|ARM64
		Release|iPhone = Release|iPhone
		Release|iPhoneSimulator = Release|iPhoneSimulator
		Release|x64 = Release|x64
		Release|x86 = Release|x86
	EndGlobalSection
	GlobalSection(ProjectConfigurationPlatforms) = postSolution
		{303C2A9D-B7F3-45C1-9BBA-8E73FCF96DA6}.Debug|Any CPU.ActiveCfg = Debug|Any CPU
		{303C2A9D-B7F3-45C1-9BBA-8E73FCF96DA6}.Debug|Any CPU.Build.0 = Debug|Any CPU
		{303C2A9D-B7F3-45C1-9BBA-8E73FCF96DA6}.Debug|ARM.ActiveCfg = Debug|Any CPU
		{303C2A9D-B7F3-45C1-9BBA-8E73FCF96DA6}.Debug|ARM.Build.0 = Debug|Any CPU
		{303C2A9D-B7F3-45C1-9BBA-8E73FCF96DA6}.Debug|ARM64.ActiveCfg = Debug|Any CPU
		{303C2A9D-B7F3-45C1-9BBA-8E73FCF96DA6}.Debug|ARM64.Build.0 = Debug|Any CPU
		{303C2A9D-B7F3-45C1-9BBA-8E73FCF96DA6}.Debug|iPhone.ActiveCfg = Debug|Any CPU
		{303C2A9D-B7F3-45C1-9BBA-8E73FCF96DA6}.Debug|iPhone.Build.0 = Debug|Any CPU
		{303C2A9D-B7F3-45C1-9BBA-8E73FCF96DA6}.Debug|iPhoneSimulator.ActiveCfg = Debug|Any CPU
		{303C2A9D-B7F3-45C1-9BBA-8E73FCF96DA6}.Debug|iPhoneSimulator.Build.0 = Debug|Any CPU
		{303C2A9D-B7F3-45C1-9BBA-8E73FCF96DA6}.Debug|x64.ActiveCfg = Debug|Any CPU
		{303C2A9D-B7F3-45C1-9BBA-8E73FCF96DA6}.Debug|x64.Build.0 = Debug|Any CPU
		{303C2A9D-B7F3-45C1-9BBA-8E73FCF96DA6}.Debug|x86.ActiveCfg = Debug|Any CPU
		{303C2A9D-B7F3-45C1-9BBA-8E73FCF96DA6}.Debug|x86.Build.0 = Debug|Any CPU
		{303C2A9D-B7F3-45C1-9BBA-8E73FCF96DA6}.Release|Any CPU.ActiveCfg = Release|Any CPU
		{303C2A9D-B7F3-45C1-9BBA-8E73FCF96DA6}.Release|Any CPU.Build.0 = Release|Any CPU
		{303C2A9D-B7F3-45C1-9BBA-8E73FCF96DA6}.Release|ARM.ActiveCfg = Release|Any CPU
		{303C2A9D-B7F3-45C1-9BBA-8E73FCF96DA6}.Release|ARM.Build.0 = Release|Any CPU
		{303C2A9D-B7F3-45C1-9BBA-8E73FCF96DA6}.Release|ARM64.ActiveCfg = Release|Any CPU
		{303C2A9D-B7F3-45C1-9BBA-8E73FCF96DA6}.Release|ARM64.Build.0 = Release|Any CPU
		{303C2A9D-B7F3-45C1-9BBA-8E73FCF96DA6}.Release|iPhone.ActiveCfg = Release|Any CPU
		{303C2A9D-B7F3-45C1-9BBA-8E73FCF96DA6}.Release|iPhone.Build.0 = Release|Any CPU
		{303C2A9D-B7F3-45C1-9BBA-8E73FCF96DA6}.Release|iPhoneSimulator.ActiveCfg = Release|Any CPU
		{303C2A9D-B7F3-45C1-9BBA-8E73FCF96DA6}.Release|iPhoneSimulator.Build.0 = Release|Any CPU
		{303C2A9D-B7F3-45C1-9BBA-8E73FCF96DA6}.Release|x64.ActiveCfg = Release|Any CPU
		{303C2A9D-B7F3-45C1-9BBA-8E73FCF96DA6}.Release|x64.Build.0 = Release|Any CPU
		{303C2A9D-B7F3-45C1-9BBA-8E73FCF96DA6}.Release|x86.ActiveCfg = Release|Any CPU
		{303C2A9D-B7F3-45C1-9BBA-8E73FCF96DA6}.Release|x86.Build.0 = Release|Any CPU
		{FE9F3917-1660-450A-A686-3E66DB251495}.Debug|Any CPU.ActiveCfg = Debug|Any CPU
		{FE9F3917-1660-450A-A686-3E66DB251495}.Debug|Any CPU.Build.0 = Debug|Any CPU
		{FE9F3917-1660-450A-A686-3E66DB251495}.Debug|ARM.ActiveCfg = Debug|Any CPU
		{FE9F3917-1660-450A-A686-3E66DB251495}.Debug|ARM.Build.0 = Debug|Any CPU
		{FE9F3917-1660-450A-A686-3E66DB251495}.Debug|ARM64.ActiveCfg = Debug|Any CPU
		{FE9F3917-1660-450A-A686-3E66DB251495}.Debug|ARM64.Build.0 = Debug|Any CPU
		{FE9F3917-1660-450A-A686-3E66DB251495}.Debug|iPhone.ActiveCfg = Debug|Any CPU
		{FE9F3917-1660-450A-A686-3E66DB251495}.Debug|iPhone.Build.0 = Debug|Any CPU
		{FE9F3917-1660-450A-A686-3E66DB251495}.Debug|iPhoneSimulator.ActiveCfg = Debug|Any CPU
		{FE9F3917-1660-450A-A686-3E66DB251495}.Debug|iPhoneSimulator.Build.0 = Debug|Any CPU
		{FE9F3917-1660-450A-A686-3E66DB251495}.Debug|x64.ActiveCfg = Debug|Any CPU
		{FE9F3917-1660-450A-A686-3E66DB251495}.Debug|x64.Build.0 = Debug|Any CPU
		{FE9F3917-1660-450A-A686-3E66DB251495}.Debug|x86.ActiveCfg = Debug|Any CPU
		{FE9F3917-1660-450A-A686-3E66DB251495}.Debug|x86.Build.0 = Debug|Any CPU
		{FE9F3917-1660-450A-A686-3E66DB251495}.Release|Any CPU.ActiveCfg = Release|Any CPU
		{FE9F3917-1660-450A-A686-3E66DB251495}.Release|Any CPU.Build.0 = Release|Any CPU
		{FE9F3917-1660-450A-A686-3E66DB251495}.Release|ARM.ActiveCfg = Release|Any CPU
		{FE9F3917-1660-450A-A686-3E66DB251495}.Release|ARM.Build.0 = Release|Any CPU
		{FE9F3917-1660-450A-A686-3E66DB251495}.Release|ARM64.ActiveCfg = Release|Any CPU
		{FE9F3917-1660-450A-A686-3E66DB251495}.Release|ARM64.Build.0 = Release|Any CPU
		{FE9F3917-1660-450A-A686-3E66DB251495}.Release|iPhone.ActiveCfg = Release|Any CPU
		{FE9F3917-1660-450A-A686-3E66DB251495}.Release|iPhone.Build.0 = Release|Any CPU
		{FE9F3917-1660-450A-A686-3E66DB251495}.Release|iPhoneSimulator.ActiveCfg = Release|Any CPU
		{FE9F3917-1660-450A-A686-3E66DB251495}.Release|iPhoneSimulator.Build.0 = Release|Any CPU
		{FE9F3917-1660-450A-A686-3E66DB251495}.Release|x64.ActiveCfg = Release|Any CPU
		{FE9F3917-1660-450A-A686-3E66DB251495}.Release|x64.Build.0 = Release|Any CPU
		{FE9F3917-1660-450A-A686-3E66DB251495}.Release|x86.ActiveCfg = Release|Any CPU
		{FE9F3917-1660-450A-A686-3E66DB251495}.Release|x86.Build.0 = Release|Any CPU
		{28316B94-C957-4076-AED3-6893206BFF65}.Debug|Any CPU.ActiveCfg = Debug|Any CPU
		{28316B94-C957-4076-AED3-6893206BFF65}.Debug|ARM.ActiveCfg = Debug|Any CPU
		{28316B94-C957-4076-AED3-6893206BFF65}.Debug|ARM.Build.0 = Debug|Any CPU
		{28316B94-C957-4076-AED3-6893206BFF65}.Debug|ARM64.ActiveCfg = Debug|Any CPU
		{28316B94-C957-4076-AED3-6893206BFF65}.Debug|ARM64.Build.0 = Debug|Any CPU
		{28316B94-C957-4076-AED3-6893206BFF65}.Debug|iPhone.ActiveCfg = Debug|Any CPU
		{28316B94-C957-4076-AED3-6893206BFF65}.Debug|iPhone.Build.0 = Debug|Any CPU
		{28316B94-C957-4076-AED3-6893206BFF65}.Debug|iPhoneSimulator.ActiveCfg = Debug|Any CPU
		{28316B94-C957-4076-AED3-6893206BFF65}.Debug|iPhoneSimulator.Build.0 = Debug|Any CPU
		{28316B94-C957-4076-AED3-6893206BFF65}.Debug|x64.ActiveCfg = Debug|Any CPU
		{28316B94-C957-4076-AED3-6893206BFF65}.Debug|x64.Build.0 = Debug|Any CPU
		{28316B94-C957-4076-AED3-6893206BFF65}.Debug|x86.ActiveCfg = Debug|Any CPU
		{28316B94-C957-4076-AED3-6893206BFF65}.Debug|x86.Build.0 = Debug|Any CPU
		{28316B94-C957-4076-AED3-6893206BFF65}.Release|Any CPU.ActiveCfg = Release|Any CPU
		{28316B94-C957-4076-AED3-6893206BFF65}.Release|Any CPU.Build.0 = Release|Any CPU
		{28316B94-C957-4076-AED3-6893206BFF65}.Release|ARM.ActiveCfg = Release|Any CPU
		{28316B94-C957-4076-AED3-6893206BFF65}.Release|ARM.Build.0 = Release|Any CPU
		{28316B94-C957-4076-AED3-6893206BFF65}.Release|ARM64.ActiveCfg = Release|Any CPU
		{28316B94-C957-4076-AED3-6893206BFF65}.Release|ARM64.Build.0 = Release|Any CPU
		{28316B94-C957-4076-AED3-6893206BFF65}.Release|iPhone.ActiveCfg = Release|Any CPU
		{28316B94-C957-4076-AED3-6893206BFF65}.Release|iPhone.Build.0 = Release|Any CPU
		{28316B94-C957-4076-AED3-6893206BFF65}.Release|iPhoneSimulator.ActiveCfg = Release|Any CPU
		{28316B94-C957-4076-AED3-6893206BFF65}.Release|iPhoneSimulator.Build.0 = Release|Any CPU
		{28316B94-C957-4076-AED3-6893206BFF65}.Release|x64.ActiveCfg = Release|Any CPU
		{28316B94-C957-4076-AED3-6893206BFF65}.Release|x64.Build.0 = Release|Any CPU
		{28316B94-C957-4076-AED3-6893206BFF65}.Release|x86.ActiveCfg = Release|Any CPU
		{28316B94-C957-4076-AED3-6893206BFF65}.Release|x86.Build.0 = Release|Any CPU
		{92FD6E67-4746-47C2-999C-5A56D5A2F52A}.Debug|Any CPU.ActiveCfg = Debug|x86
		{92FD6E67-4746-47C2-999C-5A56D5A2F52A}.Debug|Any CPU.Build.0 = Debug|x86
		{92FD6E67-4746-47C2-999C-5A56D5A2F52A}.Debug|Any CPU.Deploy.0 = Debug|x86
		{92FD6E67-4746-47C2-999C-5A56D5A2F52A}.Debug|ARM.ActiveCfg = Debug|ARM
		{92FD6E67-4746-47C2-999C-5A56D5A2F52A}.Debug|ARM.Build.0 = Debug|ARM
		{92FD6E67-4746-47C2-999C-5A56D5A2F52A}.Debug|ARM.Deploy.0 = Debug|ARM
		{92FD6E67-4746-47C2-999C-5A56D5A2F52A}.Debug|ARM64.ActiveCfg = Debug|x86
		{92FD6E67-4746-47C2-999C-5A56D5A2F52A}.Debug|iPhone.ActiveCfg = Debug|x86
		{92FD6E67-4746-47C2-999C-5A56D5A2F52A}.Debug|iPhoneSimulator.ActiveCfg = Debug|x86
		{92FD6E67-4746-47C2-999C-5A56D5A2F52A}.Debug|x64.ActiveCfg = Debug|x64
		{92FD6E67-4746-47C2-999C-5A56D5A2F52A}.Debug|x64.Build.0 = Debug|x64
		{92FD6E67-4746-47C2-999C-5A56D5A2F52A}.Debug|x64.Deploy.0 = Debug|x64
		{92FD6E67-4746-47C2-999C-5A56D5A2F52A}.Debug|x86.ActiveCfg = Debug|x86
		{92FD6E67-4746-47C2-999C-5A56D5A2F52A}.Debug|x86.Build.0 = Debug|x86
		{92FD6E67-4746-47C2-999C-5A56D5A2F52A}.Debug|x86.Deploy.0 = Debug|x86
		{92FD6E67-4746-47C2-999C-5A56D5A2F52A}.Release|Any CPU.ActiveCfg = Release|x86
		{92FD6E67-4746-47C2-999C-5A56D5A2F52A}.Release|ARM.ActiveCfg = Release|ARM
		{92FD6E67-4746-47C2-999C-5A56D5A2F52A}.Release|ARM.Build.0 = Release|ARM
		{92FD6E67-4746-47C2-999C-5A56D5A2F52A}.Release|ARM.Deploy.0 = Release|ARM
		{92FD6E67-4746-47C2-999C-5A56D5A2F52A}.Release|ARM64.ActiveCfg = Release|x86
		{92FD6E67-4746-47C2-999C-5A56D5A2F52A}.Release|iPhone.ActiveCfg = Release|x86
		{92FD6E67-4746-47C2-999C-5A56D5A2F52A}.Release|iPhoneSimulator.ActiveCfg = Release|x86
		{92FD6E67-4746-47C2-999C-5A56D5A2F52A}.Release|x64.ActiveCfg = Release|x64
		{92FD6E67-4746-47C2-999C-5A56D5A2F52A}.Release|x64.Build.0 = Release|x64
		{92FD6E67-4746-47C2-999C-5A56D5A2F52A}.Release|x64.Deploy.0 = Release|x64
		{92FD6E67-4746-47C2-999C-5A56D5A2F52A}.Release|x86.ActiveCfg = Release|x86
		{92FD6E67-4746-47C2-999C-5A56D5A2F52A}.Release|x86.Build.0 = Release|x86
		{92FD6E67-4746-47C2-999C-5A56D5A2F52A}.Release|x86.Deploy.0 = Release|x86
		{D78E766D-708D-40DD-AFD0-E4D10D745355}.Debug|Any CPU.ActiveCfg = Debug|Any CPU
		{D78E766D-708D-40DD-AFD0-E4D10D745355}.Debug|ARM.ActiveCfg = Debug|Any CPU
		{D78E766D-708D-40DD-AFD0-E4D10D745355}.Debug|ARM.Build.0 = Debug|Any CPU
		{D78E766D-708D-40DD-AFD0-E4D10D745355}.Debug|ARM.Deploy.0 = Debug|Any CPU
		{D78E766D-708D-40DD-AFD0-E4D10D745355}.Debug|ARM64.ActiveCfg = Debug|Any CPU
		{D78E766D-708D-40DD-AFD0-E4D10D745355}.Debug|ARM64.Build.0 = Debug|Any CPU
		{D78E766D-708D-40DD-AFD0-E4D10D745355}.Debug|ARM64.Deploy.0 = Debug|Any CPU
		{D78E766D-708D-40DD-AFD0-E4D10D745355}.Debug|iPhone.ActiveCfg = Debug|Any CPU
		{D78E766D-708D-40DD-AFD0-E4D10D745355}.Debug|iPhone.Build.0 = Debug|Any CPU
		{D78E766D-708D-40DD-AFD0-E4D10D745355}.Debug|iPhone.Deploy.0 = Debug|Any CPU
		{D78E766D-708D-40DD-AFD0-E4D10D745355}.Debug|iPhoneSimulator.ActiveCfg = Debug|Any CPU
		{D78E766D-708D-40DD-AFD0-E4D10D745355}.Debug|iPhoneSimulator.Build.0 = Debug|Any CPU
		{D78E766D-708D-40DD-AFD0-E4D10D745355}.Debug|iPhoneSimulator.Deploy.0 = Debug|Any CPU
		{D78E766D-708D-40DD-AFD0-E4D10D745355}.Debug|x64.ActiveCfg = Debug|Any CPU
		{D78E766D-708D-40DD-AFD0-E4D10D745355}.Debug|x64.Build.0 = Debug|Any CPU
		{D78E766D-708D-40DD-AFD0-E4D10D745355}.Debug|x64.Deploy.0 = Debug|Any CPU
		{D78E766D-708D-40DD-AFD0-E4D10D745355}.Debug|x86.ActiveCfg = Debug|Any CPU
		{D78E766D-708D-40DD-AFD0-E4D10D745355}.Debug|x86.Build.0 = Debug|Any CPU
		{D78E766D-708D-40DD-AFD0-E4D10D745355}.Debug|x86.Deploy.0 = Debug|Any CPU
		{D78E766D-708D-40DD-AFD0-E4D10D745355}.Release|Any CPU.ActiveCfg = Release|Any CPU
		{D78E766D-708D-40DD-AFD0-E4D10D745355}.Release|Any CPU.Build.0 = Release|Any CPU
		{D78E766D-708D-40DD-AFD0-E4D10D745355}.Release|Any CPU.Deploy.0 = Release|Any CPU
		{D78E766D-708D-40DD-AFD0-E4D10D745355}.Release|ARM.ActiveCfg = Release|Any CPU
		{D78E766D-708D-40DD-AFD0-E4D10D745355}.Release|ARM.Build.0 = Release|Any CPU
		{D78E766D-708D-40DD-AFD0-E4D10D745355}.Release|ARM.Deploy.0 = Release|Any CPU
		{D78E766D-708D-40DD-AFD0-E4D10D745355}.Release|ARM64.ActiveCfg = Release|Any CPU
		{D78E766D-708D-40DD-AFD0-E4D10D745355}.Release|ARM64.Build.0 = Release|Any CPU
		{D78E766D-708D-40DD-AFD0-E4D10D745355}.Release|ARM64.Deploy.0 = Release|Any CPU
		{D78E766D-708D-40DD-AFD0-E4D10D745355}.Release|iPhone.ActiveCfg = Release|Any CPU
		{D78E766D-708D-40DD-AFD0-E4D10D745355}.Release|iPhone.Build.0 = Release|Any CPU
		{D78E766D-708D-40DD-AFD0-E4D10D745355}.Release|iPhone.Deploy.0 = Release|Any CPU
		{D78E766D-708D-40DD-AFD0-E4D10D745355}.Release|iPhoneSimulator.ActiveCfg = Release|Any CPU
		{D78E766D-708D-40DD-AFD0-E4D10D745355}.Release|iPhoneSimulator.Build.0 = Release|Any CPU
		{D78E766D-708D-40DD-AFD0-E4D10D745355}.Release|iPhoneSimulator.Deploy.0 = Release|Any CPU
		{D78E766D-708D-40DD-AFD0-E4D10D745355}.Release|x64.ActiveCfg = Release|Any CPU
		{D78E766D-708D-40DD-AFD0-E4D10D745355}.Release|x64.Build.0 = Release|Any CPU
		{D78E766D-708D-40DD-AFD0-E4D10D745355}.Release|x64.Deploy.0 = Release|Any CPU
		{D78E766D-708D-40DD-AFD0-E4D10D745355}.Release|x86.ActiveCfg = Release|Any CPU
		{D78E766D-708D-40DD-AFD0-E4D10D745355}.Release|x86.Build.0 = Release|Any CPU
		{D78E766D-708D-40DD-AFD0-E4D10D745355}.Release|x86.Deploy.0 = Release|Any CPU
		{FD08CE7D-7884-43C1-92DE-68AFBE43C144}.Debug|Any CPU.ActiveCfg = Debug|iPhoneSimulator
		{FD08CE7D-7884-43C1-92DE-68AFBE43C144}.Debug|ARM.ActiveCfg = Debug|iPhoneSimulator
		{FD08CE7D-7884-43C1-92DE-68AFBE43C144}.Debug|ARM64.ActiveCfg = Debug|iPhoneSimulator
		{FD08CE7D-7884-43C1-92DE-68AFBE43C144}.Debug|iPhone.ActiveCfg = Debug|iPhone
		{FD08CE7D-7884-43C1-92DE-68AFBE43C144}.Debug|iPhone.Build.0 = Debug|iPhone
		{FD08CE7D-7884-43C1-92DE-68AFBE43C144}.Debug|iPhoneSimulator.ActiveCfg = Debug|iPhoneSimulator
		{FD08CE7D-7884-43C1-92DE-68AFBE43C144}.Debug|iPhoneSimulator.Build.0 = Debug|iPhoneSimulator
		{FD08CE7D-7884-43C1-92DE-68AFBE43C144}.Debug|x64.ActiveCfg = Debug|iPhoneSimulator
		{FD08CE7D-7884-43C1-92DE-68AFBE43C144}.Debug|x86.ActiveCfg = Debug|iPhoneSimulator
		{FD08CE7D-7884-43C1-92DE-68AFBE43C144}.Release|Any CPU.ActiveCfg = Release|iPhoneSimulator
		{FD08CE7D-7884-43C1-92DE-68AFBE43C144}.Release|ARM.ActiveCfg = Release|iPhoneSimulator
		{FD08CE7D-7884-43C1-92DE-68AFBE43C144}.Release|ARM64.ActiveCfg = Release|iPhoneSimulator
		{FD08CE7D-7884-43C1-92DE-68AFBE43C144}.Release|iPhone.ActiveCfg = Release|iPhone
		{FD08CE7D-7884-43C1-92DE-68AFBE43C144}.Release|iPhone.Build.0 = Release|iPhone
		{FD08CE7D-7884-43C1-92DE-68AFBE43C144}.Release|iPhoneSimulator.ActiveCfg = Release|iPhoneSimulator
		{FD08CE7D-7884-43C1-92DE-68AFBE43C144}.Release|iPhoneSimulator.Build.0 = Release|iPhoneSimulator
		{FD08CE7D-7884-43C1-92DE-68AFBE43C144}.Release|x64.ActiveCfg = Release|iPhoneSimulator
		{FD08CE7D-7884-43C1-92DE-68AFBE43C144}.Release|x86.ActiveCfg = Release|iPhoneSimulator
		{8926A828-DF98-4056-8CC4-FBD3BB7336A5}.Debug|Any CPU.ActiveCfg = Debug|Any CPU
		{8926A828-DF98-4056-8CC4-FBD3BB7336A5}.Debug|Any CPU.Build.0 = Debug|Any CPU
		{8926A828-DF98-4056-8CC4-FBD3BB7336A5}.Debug|ARM.ActiveCfg = Debug|Any CPU
		{8926A828-DF98-4056-8CC4-FBD3BB7336A5}.Debug|ARM.Build.0 = Debug|Any CPU
		{8926A828-DF98-4056-8CC4-FBD3BB7336A5}.Debug|ARM64.ActiveCfg = Debug|Any CPU
		{8926A828-DF98-4056-8CC4-FBD3BB7336A5}.Debug|ARM64.Build.0 = Debug|Any CPU
		{8926A828-DF98-4056-8CC4-FBD3BB7336A5}.Debug|iPhone.ActiveCfg = Debug|Any CPU
		{8926A828-DF98-4056-8CC4-FBD3BB7336A5}.Debug|iPhone.Build.0 = Debug|Any CPU
		{8926A828-DF98-4056-8CC4-FBD3BB7336A5}.Debug|iPhoneSimulator.ActiveCfg = Debug|Any CPU
		{8926A828-DF98-4056-8CC4-FBD3BB7336A5}.Debug|iPhoneSimulator.Build.0 = Debug|Any CPU
		{8926A828-DF98-4056-8CC4-FBD3BB7336A5}.Debug|x64.ActiveCfg = Debug|Any CPU
		{8926A828-DF98-4056-8CC4-FBD3BB7336A5}.Debug|x64.Build.0 = Debug|Any CPU
		{8926A828-DF98-4056-8CC4-FBD3BB7336A5}.Debug|x86.ActiveCfg = Debug|Any CPU
		{8926A828-DF98-4056-8CC4-FBD3BB7336A5}.Debug|x86.Build.0 = Debug|Any CPU
		{8926A828-DF98-4056-8CC4-FBD3BB7336A5}.Release|Any CPU.ActiveCfg = Release|Any CPU
		{8926A828-DF98-4056-8CC4-FBD3BB7336A5}.Release|Any CPU.Build.0 = Release|Any CPU
		{8926A828-DF98-4056-8CC4-FBD3BB7336A5}.Release|ARM.ActiveCfg = Release|Any CPU
		{8926A828-DF98-4056-8CC4-FBD3BB7336A5}.Release|ARM.Build.0 = Release|Any CPU
		{8926A828-DF98-4056-8CC4-FBD3BB7336A5}.Release|ARM64.ActiveCfg = Release|Any CPU
		{8926A828-DF98-4056-8CC4-FBD3BB7336A5}.Release|ARM64.Build.0 = Release|Any CPU
		{8926A828-DF98-4056-8CC4-FBD3BB7336A5}.Release|iPhone.ActiveCfg = Release|Any CPU
		{8926A828-DF98-4056-8CC4-FBD3BB7336A5}.Release|iPhone.Build.0 = Release|Any CPU
		{8926A828-DF98-4056-8CC4-FBD3BB7336A5}.Release|iPhoneSimulator.ActiveCfg = Release|Any CPU
		{8926A828-DF98-4056-8CC4-FBD3BB7336A5}.Release|iPhoneSimulator.Build.0 = Release|Any CPU
		{8926A828-DF98-4056-8CC4-FBD3BB7336A5}.Release|x64.ActiveCfg = Release|Any CPU
		{8926A828-DF98-4056-8CC4-FBD3BB7336A5}.Release|x64.Build.0 = Release|Any CPU
		{8926A828-DF98-4056-8CC4-FBD3BB7336A5}.Release|x86.ActiveCfg = Release|Any CPU
		{8926A828-DF98-4056-8CC4-FBD3BB7336A5}.Release|x86.Build.0 = Release|Any CPU
	EndGlobalSection
	GlobalSection(SolutionProperties) = preSolution
		HideSolutionNode = FALSE
	EndGlobalSection
	GlobalSection(ExtensibilityGlobals) = postSolution
		SolutionGuid = {26E16CE4-C04C-4317-A38D-2C4F7EB0643D}
	EndGlobalSection
EndGlobal
